
Microsoft Visual Studio Solution File, Format Version 12.00
# Visual Studio 15
VisualStudioVersion = 15.0.27428.2043
MinimumVisualStudioVersion = 10.0.40219.1
Project("{FAE04EC0-301F-11D3-BF4B-00C04F79EFBC}") = "RPG Editor", "RPG Editor\RPG Editor.csproj", "{8EFB0285-4873-42C1-830C-E3EF2B446585}"
EndProject
Project("{FAE04EC0-301F-11D3-BF4B-00C04F79EFBC}") = "RPG Extras", "RPG Extras\RPG Extras.csproj", "{DB5E47CC-645D-48CF-BBA0-82880E2D0AEC}"
EndProject
Global
	GlobalSection(SolutionConfigurationPlatforms) = preSolution
		Debug|Any CPU = Debug|Any CPU
		Release|Any CPU = Release|Any CPU
	EndGlobalSection
	GlobalSection(ProjectConfigurationPlatforms) = postSolution
		{8EFB0285-4873-42C1-830C-E3EF2B446585}.Debug|Any CPU.ActiveCfg = Debug|Any CPU
		{8EFB0285-4873-42C1-830C-E3EF2B446585}.Debug|Any CPU.Build.0 = Debug|Any CPU
		{8EFB0285-4873-42C1-830C-E3EF2B446585}.Release|Any CPU.ActiveCfg = Release|Any CPU
		{8EFB0285-4873-42C1-830C-E3EF2B446585}.Release|Any CPU.Build.0 = Release|Any CPU
		{DB5E47CC-645D-48CF-BBA0-82880E2D0AEC}.Debug|Any CPU.ActiveCfg = Debug|Any CPU
		{DB5E47CC-645D-48CF-BBA0-82880E2D0AEC}.Debug|Any CPU.Build.0 = Debug|Any CPU
		{DB5E47CC-645D-48CF-BBA0-82880E2D0AEC}.Release|Any CPU.ActiveCfg = Release|Any CPU
		{DB5E47CC-645D-48CF-BBA0-82880E2D0AEC}.Release|Any CPU.Build.0 = Release|Any CPU
	EndGlobalSection
	GlobalSection(SolutionProperties) = preSolution
		HideSolutionNode = FALSE
	EndGlobalSection
	GlobalSection(ExtensibilityGlobals) = postSolution
		SolutionGuid = {8A2F464F-81A6-4B2C-B9A7-C4C711E66AD1}
	EndGlobalSection
EndGlobal
